
Microsoft Visual Studio Solution File, Format Version 12.00
# Visual Studio Version 17
VisualStudioVersion = 17.6.33815.320
MinimumVisualStudioVersion = 10.0.40219.1
Project("{9A19103F-16F7-4668-BE54-9A1E7A4F7556}") = "shopco-API", "shopco-API\shopco-API.csproj", "{57E4B03A-31BB-4A99-B246-7FF1AE0C37D0}"
EndProject
Project("{9A19103F-16F7-4668-BE54-9A1E7A4F7556}") = "shopco-API.Application", "shopco-API.Application\shopco-API.Application.csproj", "{268A1145-6A5A-490D-9848-E84C9ED0B1CB}"
EndProject
Project("{9A19103F-16F7-4668-BE54-9A1E7A4F7556}") = "shopco-API.Infrastructure", "shopco-API.Infrastructure\shopco-API.Infrastructure.csproj", "{AD1AE1AF-E2A1-426E-B371-430D570D2404}"
EndProject
Project("{9A19103F-16F7-4668-BE54-9A1E7A4F7556}") = "shopco-API.Domain", "shopco-API.Domain\shopco-API.Domain.csproj", "{858D9F4B-5E12-4CBD-B9D3-DC74D8FBD635}"
EndProject
Global
	GlobalSection(SolutionConfigurationPlatforms) = preSolution
		Debug|Any CPU = Debug|Any CPU
		Release|Any CPU = Release|Any CPU
	EndGlobalSection
	GlobalSection(ProjectConfigurationPlatforms) = postSolution
		{57E4B03A-31BB-4A99-B246-7FF1AE0C37D0}.Debug|Any CPU.ActiveCfg = Debug|Any CPU
		{57E4B03A-31BB-4A99-B246-7FF1AE0C37D0}.Debug|Any CPU.Build.0 = Debug|Any CPU
		{57E4B03A-31BB-4A99-B246-7FF1AE0C37D0}.Release|Any CPU.ActiveCfg = Release|Any CPU
		{57E4B03A-31BB-4A99-B246-7FF1AE0C37D0}.Release|Any CPU.Build.0 = Release|Any CPU
		{268A1145-6A5A-490D-9848-E84C9ED0B1CB}.Debug|Any CPU.ActiveCfg = Debug|Any CPU
		{268A1145-6A5A-490D-9848-E84C9ED0B1CB}.Debug|Any CPU.Build.0 = Debug|Any CPU
		{268A1145-6A5A-490D-9848-E84C9ED0B1CB}.Release|Any CPU.ActiveCfg = Release|Any CPU
		{268A1145-6A5A-490D-9848-E84C9ED0B1CB}.Release|Any CPU.Build.0 = Release|Any CPU
		{AD1AE1AF-E2A1-426E-B371-430D570D2404}.Debug|Any CPU.ActiveCfg = Debug|Any CPU
		{AD1AE1AF-E2A1-426E-B371-430D570D2404}.Debug|Any CPU.Build.0 = Debug|Any CPU
		{AD1AE1AF-E2A1-426E-B371-430D570D2404}.Release|Any CPU.ActiveCfg = Release|Any CPU
		{AD1AE1AF-E2A1-426E-B371-430D570D2404}.Release|Any CPU.Build.0 = Release|Any CPU
		{858D9F4B-5E12-4CBD-B9D3-DC74D8FBD635}.Debug|Any CPU.ActiveCfg = Debug|Any CPU
		{858D9F4B-5E12-4CBD-B9D3-DC74D8FBD635}.Debug|Any CPU.Build.0 = Debug|Any CPU
		{858D9F4B-5E12-4CBD-B9D3-DC74D8FBD635}.Release|Any CPU.ActiveCfg = Release|Any CPU
		{858D9F4B-5E12-4CBD-B9D3-DC74D8FBD635}.Release|Any CPU.Build.0 = Release|Any CPU
	EndGlobalSection
	GlobalSection(SolutionProperties) = preSolution
		HideSolutionNode = FALSE
	EndGlobalSection
	GlobalSection(ExtensibilityGlobals) = postSolution
		SolutionGuid = {E6416B51-7EEE-4588-B16E-22154B744D3D}
	EndGlobalSection
EndGlobal
